// !$*UTF8*$!
{
	archiveVersion = 1;
	classes = {
	};
	objectVersion = 56;
	objects = {

/* Begin PBXBuildFile section */
		4BB96D592DD6A40D006DB4C0 /* Images.swift in Sources */ = {isa = PBXBuildFile; fileRef = 4BB96D582DD6A40D006DB4C0 /* Images.swift */; };
		4BB96D5B2DD7D7F8006DB4C0 /* AskPaw.swift in Sources */ = {isa = PBXBuildFile; fileRef = 4BB96D5A2DD7D7F8006DB4C0 /* AskPaw.swift */; };
		4BB96D5D2DDCF4D7006DB4C0 /* Home.swift in Sources */ = {isa = PBXBuildFile; fileRef = 4BB96D5C2DDCF4D7006DB4C0 /* Home.swift */; };
		4BB96D5F2DDCF4FA006DB4C0 /* Account.swift in Sources */ = {isa = PBXBuildFile; fileRef = 4BB96D5E2DDCF4FA006DB4C0 /* Account.swift */; };
		4BB96D612DDD1C47006DB4C0 /* TabViewPage.swift in Sources */ = {isa = PBXBuildFile; fileRef = 4BB96D602DDD1C47006DB4C0 /* TabViewPage.swift */; };
		4BDA66C92DCC0ABC00453626 /* PawPalApp.swift in Sources */ = {isa = PBXBuildFile; fileRef = 4BDA66C82DCC0ABC00453626 /* PawPalApp.swift */; };
		4BDA66CB2DCC0ABC00453626 /* ContentView.swift in Sources */ = {isa = PBXBuildFile; fileRef = 4BDA66CA2DCC0ABC00453626 /* ContentView.swift */; };
		4BDA66CD2DCC0ABF00453626 /* Assets.xcassets in Resources */ = {isa = PBXBuildFile; fileRef = 4BDA66CC2DCC0ABF00453626 /* Assets.xcassets */; };
		4BDA66D02DCC0ABF00453626 /* Preview Assets.xcassets in Resources */ = {isa = PBXBuildFile; fileRef = 4BDA66CF2DCC0ABF00453626 /* Preview Assets.xcassets */; };
		4BDA66D72DCC172100453626 /* logIn.swift in Sources */ = {isa = PBXBuildFile; fileRef = 4BDA66D62DCC172100453626 /* logIn.swift */; };
		4BDA66D92DCC173B00453626 /* createAccount.swift in Sources */ = {isa = PBXBuildFile; fileRef = 4BDA66D82DCC173B00453626 /* createAccount.swift */; };
/* End PBXBuildFile section */

/* Begin PBXFileReference section */
		4BB96D582DD6A40D006DB4C0 /* Images.swift */ = {isa = PBXFileReference; lastKnownFileType = sourcecode.swift; path = Images.swift; sourceTree = "<group>"; };
		4BB96D5A2DD7D7F8006DB4C0 /* AskPaw.swift */ = {isa = PBXFileReference; lastKnownFileType = sourcecode.swift; path = AskPaw.swift; sourceTree = "<group>"; };
		4BB96D5C2DDCF4D7006DB4C0 /* Home.swift */ = {isa = PBXFileReference; lastKnownFileType = sourcecode.swift; path = Home.swift; sourceTree = "<group>"; };
		4BB96D5E2DDCF4FA006DB4C0 /* Account.swift */ = {isa = PBXFileReference; lastKnownFileType = sourcecode.swift; path = Account.swift; sourceTree = "<group>"; };
		4BB96D602DDD1C47006DB4C0 /* TabViewPage.swift */ = {isa = PBXFileReference; lastKnownFileType = sourcecode.swift; path = TabViewPage.swift; sourceTree = "<group>"; };
		4BDA66C52DCC0ABC00453626 /* PawPal.app */ = {isa = PBXFileReference; explicitFileType = wrapper.application; includeInIndex = 0; path = PawPal.app; sourceTree = BUILT_PRODUCTS_DIR; };
		4BDA66C82DCC0ABC00453626 /* PawPalApp.swift */ = {isa = PBXFileReference; lastKnownFileType = sourcecode.swift; path = PawPalApp.swift; sourceTree = "<group>"; };
		4BDA66CA2DCC0ABC00453626 /* ContentView.swift */ = {isa = PBXFileReference; lastKnownFileType = sourcecode.swift; path = ContentView.swift; sourceTree = "<group>"; };
		4BDA66CC2DCC0ABF00453626 /* Assets.xcassets */ = {isa = PBXFileReference; lastKnownFileType = folder.assetcatalog; path = Assets.xcassets; sourceTree = "<group>"; };
		4BDA66CF2DCC0ABF00453626 /* Preview Assets.xcassets */ = {isa = PBXFileReference; lastKnownFileType = folder.assetcatalog; path = "Preview Assets.xcassets"; sourceTree = "<group>"; };
		4BDA66D62DCC172100453626 /* logIn.swift */ = {isa = PBXFileReference; lastKnownFileType = sourcecode.swift; path = logIn.swift; sourceTree = "<group>"; };
		4BDA66D82DCC173B00453626 /* createAccount.swift */ = {isa = PBXFileReference; lastKnownFileType = sourcecode.swift; path = createAccount.swift; sourceTree = "<group>"; };
/* End PBXFileReference section */

/* Begin PBXFrameworksBuildPhase section */
		4BDA66C22DCC0ABC00453626 /* Frameworks */ = {
			isa = PBXFrameworksBuildPhase;
			buildActionMask = 2147483647;
			files = (
			);
			runOnlyForDeploymentPostprocessing = 0;
		};
/* End PBXFrameworksBuildPhase section */

/* Begin PBXGroup section */
		4BDA66BC2DCC0ABB00453626 = {
			isa = PBXGroup;
			children = (
				4BDA66C72DCC0ABC00453626 /* PawPal */,
				4BDA66C62DCC0ABC00453626 /* Products */,
			);
			sourceTree = "<group>";
		};
		4BDA66C62DCC0ABC00453626 /* Products */ = {
			isa = PBXGroup;
			children = (
				4BDA66C52DCC0ABC00453626 /* PawPal.app */,
			);
			name = Products;
			sourceTree = "<group>";
		};
		4BDA66C72DCC0ABC00453626 /* PawPal */ = {
			isa = PBXGroup;
			children = (
				4BDA66C82DCC0ABC00453626 /* PawPalApp.swift */,
				4BB96D602DDD1C47006DB4C0 /* TabViewPage.swift */,
				4BDA66CA2DCC0ABC00453626 /* ContentView.swift */,
				4BDA66D82DCC173B00453626 /* createAccount.swift */,
				4BDA66D62DCC172100453626 /* logIn.swift */,
				4BB96D5C2DDCF4D7006DB4C0 /* Home.swift */,
				4BB96D5A2DD7D7F8006DB4C0 /* AskPaw.swift */,
				4BB96D5E2DDCF4FA006DB4C0 /* Account.swift */,
				4BB96D582DD6A40D006DB4C0 /* Images.swift */,
				4BDA66CC2DCC0ABF00453626 /* Assets.xcassets */,
				4BDA66CE2DCC0ABF00453626 /* Preview Content */,
			);
			path = PawPal;
			sourceTree = "<group>";
		};
		4BDA66CE2DCC0ABF00453626 /* Preview Content */ = {
			isa = PBXGroup;
			children = (
				4BDA66CF2DCC0ABF00453626 /* Preview Assets.xcassets */,
			);
			path = "Preview Content";
			sourceTree = "<group>";
		};
/* End PBXGroup section */

/* Begin PBXNativeTarget section */
		4BDA66C42DCC0ABC00453626 /* PawPal */ = {
			isa = PBXNativeTarget;
			buildConfigurationList = 4BDA66D32DCC0ABF00453626 /* Build configuration list for PBXNativeTarget "PawPal" */;
			buildPhases = (
				4BDA66C12DCC0ABC00453626 /* Sources */,
				4BDA66C22DCC0ABC00453626 /* Frameworks */,
				4BDA66C32DCC0ABC00453626 /* Resources */,
			);
			buildRules = (
			);
			dependencies = (
			);
			name = PawPal;
			productName = PawPal;
			productReference = 4BDA66C52DCC0ABC00453626 /* PawPal.app */;
			productType = "com.apple.product-type.application";
		};
/* End PBXNativeTarget section */

/* Begin PBXProject section */
		4BDA66BD2DCC0ABB00453626 /* Project object */ = {
			isa = PBXProject;
			attributes = {
				BuildIndependentTargetsInParallel = 1;
				LastSwiftUpdateCheck = 1510;
				LastUpgradeCheck = 1510;
				TargetAttributes = {
					4BDA66C42DCC0ABC00453626 = {
						CreatedOnToolsVersion = 15.1;
					};
				};
			};
			buildConfigurationList = 4BDA66C02DCC0ABB00453626 /* Build configuration list for PBXProject "PawPal" */;
			compatibilityVersion = "Xcode 14.0";
			developmentRegion = en;
			hasScannedForEncodings = 0;
			knownRegions = (
				en,
				Base,
			);
			mainGroup = 4BDA66BC2DCC0ABB00453626;
			productRefGroup = 4BDA66C62DCC0ABC00453626 /* Products */;
			projectDirPath = "";
			projectRoot = "";
			targets = (
				4BDA66C42DCC0ABC00453626 /* PawPal */,
			);
		};
/* End PBXProject section */

/* Begin PBXResourcesBuildPhase section */
		4BDA66C32DCC0ABC00453626 /* Resources */ = {
			isa = PBXResourcesBuildPhase;
			buildActionMask = 2147483647;
			files = (
				4BDA66D02DCC0ABF00453626 /* Preview Assets.xcassets in Resources */,
				4BDA66CD2DCC0ABF00453626 /* Assets.xcassets in Resources */,
			);
			runOnlyForDeploymentPostprocessing = 0;
		};
/* End PBXResourcesBuildPhase section */

/* Begin PBXSourcesBuildPhase section */
		4BDA66C12DCC0ABC00453626 /* Sources */ = {
			isa = PBXSourcesBuildPhase;
			buildActionMask = 2147483647;
			files = (
				4BB96D5B2DD7D7F8006DB4C0 /* AskPaw.swift in Sources */,
				4BDA66CB2DCC0ABC00453626 /* ContentView.swift in Sources */,
				4BDA66C92DCC0ABC00453626 /* PawPalApp.swift in Sources */,
				4BB96D612DDD1C47006DB4C0 /* TabViewPage.swift in Sources */,
				4BB96D592DD6A40D006DB4C0 /* Images.swift in Sources */,
				4BDA66D72DCC172100453626 /* logIn.swift in Sources */,
				4BB96D5F2DDCF4FA006DB4C0 /* Account.swift in Sources */,
				4BDA66D92DCC173B00453626 /* createAccount.swift in Sources */,
				4BB96D5D2DDCF4D7006DB4C0 /* Home.swift in Sources */,
			);
			runOnlyForDeploymentPostprocessing = 0;
		};
/* End PBXSourcesBuildPhase section */

/* Begin XCBuildConfiguration section */
		4BDA66D12DCC0ABF00453626 /* Debug */ = {
			isa = XCBuildConfiguration;
			buildSettings = {
				ALWAYS_SEARCH_USER_PATHS = NO;
				ASSETCATALOG_COMPILER_GENERATE_SWIFT_ASSET_SYMBOL_EXTENSIONS = YES;
				CLANG_ANALYZER_NONNULL = YES;
				CLANG_ANALYZER_NUMBER_OBJECT_CONVERSION = YES_AGGRESSIVE;
				CLANG_CXX_LANGUAGE_STANDARD = "gnu++20";
				CLANG_ENABLE_MODULES = YES;
				CLANG_ENABLE_OBJC_ARC = YES;
				CLANG_ENABLE_OBJC_WEAK = YES;
				CLANG_WARN_BLOCK_CAPTURE_AUTORELEASING = YES;
				CLANG_WARN_BOOL_CONVERSION = YES;
				CLANG_WARN_COMMA = YES;
				CLANG_WARN_CONSTANT_CONVERSION = YES;
				CLANG_WARN_DEPRECATED_OBJC_IMPLEMENTATIONS = YES;
				CLANG_WARN_DIRECT_OBJC_ISA_USAGE = YES_ERROR;
				CLANG_WARN_DOCUMENTATION_COMMENTS = YES;
				CLANG_WARN_EMPTY_BODY = YES;
				CLANG_WARN_ENUM_CONVERSION = YES;
				CLANG_WARN_INFINITE_RECURSION = YES;
				CLANG_WARN_INT_CONVERSION = YES;
				CLANG_WARN_NON_LITERAL_NULL_CONVERSION = YES;
				CLANG_WARN_OBJC_IMPLICIT_RETAIN_SELF = YES;
				CLANG_WARN_OBJC_LITERAL_CONVERSION = YES;
				CLANG_WARN_OBJC_ROOT_CLASS = YES_ERROR;
				CLANG_WARN_QUOTED_INCLUDE_IN_FRAMEWORK_HEADER = YES;
				CLANG_WARN_RANGE_LOOP_ANALYSIS = YES;
				CLANG_WARN_STRICT_PROTOTYPES = YES;
				CLANG_WARN_SUSPICIOUS_MOVE = YES;
				CLANG_WARN_UNGUARDED_AVAILABILITY = YES_AGGRESSIVE;
				CLANG_WARN_UNREACHABLE_CODE = YES;
				CLANG_WARN__DUPLICATE_METHOD_MATCH = YES;
				COPY_PHASE_STRIP = NO;
				DEBUG_INFORMATION_FORMAT = dwarf;
				ENABLE_STRICT_OBJC_MSGSEND = YES;
				ENABLE_TESTABILITY = YES;
				ENABLE_USER_SCRIPT_SANDBOXING = YES;
				GCC_C_LANGUAGE_STANDARD = gnu17;
				GCC_DYNAMIC_NO_PIC = NO;
				GCC_NO_COMMON_BLOCKS = YES;
				GCC_OPTIMIZATION_LEVEL = 0;
				GCC_PREPROCESSOR_DEFINITIONS = (
					"DEBUG=1",
					"$(inherited)",
				);
				GCC_WARN_64_TO_32_BIT_CONVERSION = YES;
				GCC_WARN_ABOUT_RETURN_TYPE = YES_ERROR;
				GCC_WARN_UNDECLARED_SELECTOR = YES;
				GCC_WARN_UNINITIALIZED_AUTOS = YES_AGGRESSIVE;
				GCC_WARN_UNUSED_FUNCTION = YES;
				GCC_WARN_UNUSED_VARIABLE = YES;
				IPHONEOS_DEPLOYMENT_TARGET = 17.2;
				LOCALIZATION_PREFERS_STRING_CATALOGS = YES;
				MTL_ENABLE_DEBUG_INFO = INCLUDE_SOURCE;
				MTL_FAST_MATH = YES;
				ONLY_ACTIVE_ARCH = YES;
				SDKROOT = iphoneos;
				SWIFT_ACTIVE_COMPILATION_CONDITIONS = "DEBUG $(inherited)";
				SWIFT_OPTIMIZATION_LEVEL = "-Onone";
			};
			name = Debug;
		};
		4BDA66D22DCC0ABF00453626 /* Release */ = {
			isa = XCBuildConfiguration;
			buildSettings = {
				ALWAYS_SEARCH_USER_PATHS = NO;
				ASSETCATALOG_COMPILER_GENERATE_SWIFT_ASSET_SYMBOL_EXTENSIONS = YES;
				CLANG_ANALYZER_NONNULL = YES;
				CLANG_ANALYZER_NUMBER_OBJECT_CONVERSION = YES_AGGRESSIVE;
				CLANG_CXX_LANGUAGE_STANDARD = "gnu++20";
				CLANG_ENABLE_MODULES = YES;
				CLANG_ENABLE_OBJC_ARC = YES;
				CLANG_ENABLE_OBJC_WEAK = YES;
				CLANG_WARN_BLOCK_CAPTURE_AUTORELEASING = YES;
				CLANG_WARN_BOOL_CONVERSION = YES;
				CLANG_WARN_COMMA = YES;
				CLANG_WARN_CONSTANT_CONVERSION = YES;
				CLANG_WARN_DEPRECATED_OBJC_IMPLEMENTATIONS = YES;
				CLANG_WARN_DIRECT_OBJC_ISA_USAGE = YES_ERROR;
				CLANG_WARN_DOCUMENTATION_COMMENTS = YES;
				CLANG_WARN_EMPTY_BODY = YES;
				CLANG_WARN_ENUM_CONVERSION = YES;
				CLANG_WARN_INFINITE_RECURSION = YES;
				CLANG_WARN_INT_CONVERSION = YES;
				CLANG_WARN_NON_LITERAL_NULL_CONVERSION = YES;
				CLANG_WARN_OBJC_IMPLICIT_RETAIN_SELF = YES;
				CLANG_WARN_OBJC_LITERAL_CONVERSION = YES;
				CLANG_WARN_OBJC_ROOT_CLASS = YES_ERROR;
				CLANG_WARN_QUOTED_INCLUDE_IN_FRAMEWORK_HEADER = YES;
				CLANG_WARN_RANGE_LOOP_ANALYSIS = YES;
				CLANG_WARN_STRICT_PROTOTYPES = YES;
				CLANG_WARN_SUSPICIOUS_MOVE = YES;
				CLANG_WARN_UNGUARDED_AVAILABILITY = YES_AGGRESSIVE;
				CLANG_WARN_UNREACHABLE_CODE = YES;
				CLANG_WARN__DUPLICATE_METHOD_MATCH = YES;
				COPY_PHASE_STRIP = NO;
				DEBUG_INFORMATION_FORMAT = "dwarf-with-dsym";
				ENABLE_NS_ASSERTIONS = NO;
				ENABLE_STRICT_OBJC_MSGSEND = YES;
				ENABLE_USER_SCRIPT_SANDBOXING = YES;
				GCC_C_LANGUAGE_STANDARD = gnu17;
				GCC_NO_COMMON_BLOCKS = YES;
				GCC_WARN_64_TO_32_BIT_CONVERSION = YES;
				GCC_WARN_ABOUT_RETURN_TYPE = YES_ERROR;
				GCC_WARN_UNDECLARED_SELECTOR = YES;
				GCC_WARN_UNINITIALIZED_AUTOS = YES_AGGRESSIVE;
				GCC_WARN_UNUSED_FUNCTION = YES;
				GCC_WARN_UNUSED_VARIABLE = YES;
				IPHONEOS_DEPLOYMENT_TARGET = 17.2;
				LOCALIZATION_PREFERS_STRING_CATALOGS = YES;
				MTL_ENABLE_DEBUG_INFO = NO;
				MTL_FAST_MATH = YES;
				SDKROOT = iphoneos;
				SWIFT_COMPILATION_MODE = wholemodule;
				VALIDATE_PRODUCT = YES;
			};
			name = Release;
		};
		4BDA66D42DCC0ABF00453626 /* Debug */ = {
			isa = XCBuildConfiguration;
			buildSettings = {
				ASSETCATALOG_COMPILER_APPICON_NAME = AppIcon;
				ASSETCATALOG_COMPILER_GLOBAL_ACCENT_COLOR_NAME = AccentColor;
				CODE_SIGN_STYLE = Automatic;
				CURRENT_PROJECT_VERSION = 1;
				DEVELOPMENT_ASSET_PATHS = "\"PawPal/Preview Content\"";
				ENABLE_PREVIEWS = YES;
				GENERATE_INFOPLIST_FILE = YES;
				INFOPLIST_KEY_UIApplicationSceneManifest_Generation = YES;
				INFOPLIST_KEY_UIApplicationSupportsIndirectInputEvents = YES;
				INFOPLIST_KEY_UILaunchScreen_Generation = YES;
				INFOPLIST_KEY_UISupportedInterfaceOrientations_iPad = "UIInterfaceOrientationPortrait UIInterfaceOrientationPortraitUpsideDown UIInterfaceOrientationLandscapeLeft UIInterfaceOrientationLandscapeRight";
				INFOPLIST_KEY_UISupportedInterfaceOrientations_iPhone = "UIInterfaceOrientationPortrait UIInterfaceOrientationLandscapeLeft UIInterfaceOrientationLandscapeRight";
				LD_RUNPATH_SEARCH_PATHS = (
					"$(inherited)",
					"@executable_path/Frameworks",
				);
				MARKETING_VERSION = 1.0;
				PRODUCT_BUNDLE_IDENTIFIER = com.champion.PawPal;
				PRODUCT_NAME = "$(TARGET_NAME)";
				SWIFT_EMIT_LOC_STRINGS = YES;
				SWIFT_VERSION = 5.0;
				TARGETED_DEVICE_FAMILY = "1,2";
			};
			name = Debug;
		};
		4BDA66D52DCC0ABF00453626 /* Release */ = {
			isa = XCBuildConfiguration;
			buildSettings = {
				ASSETCATALOG_COMPILER_APPICON_NAME = AppIcon;
				ASSETCATALOG_COMPILER_GLOBAL_ACCENT_COLOR_NAME = AccentColor;
				CODE_SIGN_STYLE = Automatic;
				CURRENT_PROJECT_VERSION = 1;
				DEVELOPMENT_ASSET_PATHS = "\"PawPal/Preview Content\"";
				ENABLE_PREVIEWS = YES;
				GENERATE_INFOPLIST_FILE = YES;
				INFOPLIST_KEY_UIApplicationSceneManifest_Generation = YES;
				INFOPLIST_KEY_UIApplicationSupportsIndirectInputEvents = YES;
				INFOPLIST_KEY_UILaunchScreen_Generation = YES;
				INFOPLIST_KEY_UISupportedInterfaceOrientations_iPad = "UIInterfaceOrientationPortrait UIInterfaceOrientationPortraitUpsideDown UIInterfaceOrientationLandscapeLeft UIInterfaceOrientationLandscapeRight";
				INFOPLIST_KEY_UISupportedInterfaceOrientations_iPhone = "UIInterfaceOrientationPortrait UIInterfaceOrientationLandscapeLeft UIInterfaceOrientationLandscapeRight";
				LD_RUNPATH_SEARCH_PATHS = (
					"$(inherited)",
					"@executable_path/Frameworks",
				);
				MARKETING_VERSION = 1.0;
				PRODUCT_BUNDLE_IDENTIFIER = com.champion.PawPal;
				PRODUCT_NAME = "$(TARGET_NAME)";
				SWIFT_EMIT_LOC_STRINGS = YES;
				SWIFT_VERSION = 5.0;
				TARGETED_DEVICE_FAMILY = "1,2";
			};
			name = Release;
		};
/* End XCBuildConfiguration section */

/* Begin XCConfigurationList section */
		4BDA66C02DCC0ABB00453626 /* Build configuration list for PBXProject "PawPal" */ = {
			isa = XCConfigurationList;
			buildConfigurations = (
				4BDA66D12DCC0ABF00453626 /* Debug */,
				4BDA66D22DCC0ABF00453626 /* Release */,
			);
			defaultConfigurationIsVisible = 0;
			defaultConfigurationName = Release;
		};
		4BDA66D32DCC0ABF00453626 /* Build configuration list for PBXNativeTarget "PawPal" */ = {
			isa = XCConfigurationList;
			buildConfigurations = (
				4BDA66D42DCC0ABF00453626 /* Debug */,
				4BDA66D52DCC0ABF00453626 /* Release */,
			);
			defaultConfigurationIsVisible = 0;
			defaultConfigurationName = Release;
		};
/* End XCConfigurationList section */
	};
	rootObject = 4BDA66BD2DCC0ABB00453626 /* Project object */;
}
